
Microsoft Visual Studio Solution File, Format Version 12.00
# Visual Studio Version 17
VisualStudioVersion = 17.3.32901.215
MinimumVisualStudioVersion = 10.0.40219.1
Project("{FAE04EC0-301F-11D3-BF4B-00C04F79EFBC}") = "FontLoader", "FontLoader\FontLoader.csproj", "{10125A97-354E-4CF1-A0BF-B68F1512CBFC}"
EndProject
Global
	GlobalSection(SolutionConfigurationPlatforms) = preSolution
		Debug|Any CPU = Debug|Any CPU
		Release|Any CPU = Release|Any CPU
	EndGlobalSection
	GlobalSection(ProjectConfigurationPlatforms) = postSolution
		{10125A97-354E-4CF1-A0BF-B68F1512CBFC}.Debug|Any CPU.ActiveCfg = Debug|Any CPU
		{10125A97-354E-4CF1-A0BF-B68F1512CBFC}.Debug|Any CPU.Build.0 = Debug|Any CPU
		{10125A97-354E-4CF1-A0BF-B68F1512CBFC}.Release|Any CPU.ActiveCfg = Release|Any CPU
		{10125A97-354E-4CF1-A0BF-B68F1512CBFC}.Release|Any CPU.Build.0 = Release|Any CPU
	EndGlobalSection
	GlobalSection(SolutionProperties) = preSolution
		HideSolutionNode = FALSE
	EndGlobalSection
	GlobalSection(ExtensibilityGlobals) = postSolution
		SolutionGuid = {CF6535C7-0A20-4AEE-AE80-5FC9E9B713F3}
	EndGlobalSection
EndGlobal
